
Microsoft Visual Studio Solution File, Format Version 12.00
# Visual Studio Version 17
VisualStudioVersion = 17.14.36518.9 d17.14
MinimumVisualStudioVersion = 10.0.40219.1
Project("{FAE04EC0-301F-11D3-BF4B-00C04F79EFBC}") = "Calculator", "Calculator.csproj", "{8C651DAD-903B-4D77-8356-BE1F1D493C9A}"
EndProject
Global
	GlobalSection(SolutionConfigurationPlatforms) = preSolution
		Debug|Any CPU = Debug|Any CPU
		Release|Any CPU = Release|Any CPU
	EndGlobalSection
	GlobalSection(ProjectConfigurationPlatforms) = postSolution
		{8C651DAD-903B-4D77-8356-BE1F1D493C9A}.Debug|Any CPU.ActiveCfg = Debug|Any CPU
		{8C651DAD-903B-4D77-8356-BE1F1D493C9A}.Debug|Any CPU.Build.0 = Debug|Any CPU
		{8C651DAD-903B-4D77-8356-BE1F1D493C9A}.Release|Any CPU.ActiveCfg = Release|Any CPU
		{8C651DAD-903B-4D77-8356-BE1F1D493C9A}.Release|Any CPU.Build.0 = Release|Any CPU
	EndGlobalSection
	GlobalSection(SolutionProperties) = preSolution
		HideSolutionNode = FALSE
	EndGlobalSection
	GlobalSection(ExtensibilityGlobals) = postSolution
		SolutionGuid = {7E056A24-755B-4E19-AA30-B19E72DC553E}
	EndGlobalSection
EndGlobal
